// !$*UTF8*$!
{
	archiveVersion = 1;
	classes = {
	};
	objectVersion = 56;
	objects = {

/* Begin PBXBuildFile section */
		82AE9ACE2A4849DA002FE11B /* AppDelegate.swift in Sources */ = {isa = PBXBuildFile; fileRef = 82AE9ACD2A4849DA002FE11B /* AppDelegate.swift */; };
		82AE9AD02A4849DA002FE11B /* SceneDelegate.swift in Sources */ = {isa = PBXBuildFile; fileRef = 82AE9ACF2A4849DA002FE11B /* SceneDelegate.swift */; };
		82AE9AD22A4849DA002FE11B /* ViewController.swift in Sources */ = {isa = PBXBuildFile; fileRef = 82AE9AD12A4849DA002FE11B /* ViewController.swift */; };
		82AE9AD52A4849DA002FE11B /* Main.storyboard in Resources */ = {isa = PBXBuildFile; fileRef = 82AE9AD32A4849DA002FE11B /* Main.storyboard */; };
		82AE9AD72A4849DC002FE11B /* Assets.xcassets in Resources */ = {isa = PBXBuildFile; fileRef = 82AE9AD62A4849DC002FE11B /* Assets.xcassets */; };
		82AE9ADA2A4849DC002FE11B /* LaunchScreen.storyboard in Resources */ = {isa = PBXBuildFile; fileRef = 82AE9AD82A4849DC002FE11B /* LaunchScreen.storyboard */; };
		82AE9AE52A484A1A002FE11B /* Category.swift in Sources */ = {isa = PBXBuildFile; fileRef = 82AE9AE42A484A1A002FE11B /* Category.swift */; };
		82AE9AE72A484A58002FE11B /* Movie.swift in Sources */ = {isa = PBXBuildFile; fileRef = 82AE9AE62A484A58002FE11B /* Movie.swift */; };
		82AE9AE92A484A8A002FE11B /* DataSet.swift in Sources */ = {isa = PBXBuildFile; fileRef = 82AE9AE82A484A8A002FE11B /* DataSet.swift */; };
		82AE9AEB2A48512C002FE11B /* CategoryTableViewCell.swift in Sources */ = {isa = PBXBuildFile; fileRef = 82AE9AEA2A48512C002FE11B /* CategoryTableViewCell.swift */; };
		82AE9AED2A48565E002FE11B /* MovieListViewController.swift in Sources */ = {isa = PBXBuildFile; fileRef = 82AE9AEC2A48565E002FE11B /* MovieListViewController.swift */; };
		82AE9AEF2A4858D2002FE11B /* MovieListCollectionViewCell.swift in Sources */ = {isa = PBXBuildFile; fileRef = 82AE9AEE2A4858D2002FE11B /* MovieListCollectionViewCell.swift */; };
		82AE9AF32A486384002FE11B /* MovieDetailViewController.swift in Sources */ = {isa = PBXBuildFile; fileRef = 82AE9AF22A486384002FE11B /* MovieDetailViewController.swift */; };
/* End PBXBuildFile section */

/* Begin PBXFileReference section */
		82AE9ACA2A4849DA002FE11B /* MovieApp.app */ = {isa = PBXFileReference; explicitFileType = wrapper.application; includeInIndex = 0; path = MovieApp.app; sourceTree = BUILT_PRODUCTS_DIR; };
		82AE9ACD2A4849DA002FE11B /* AppDelegate.swift */ = {isa = PBXFileReference; lastKnownFileType = sourcecode.swift; path = AppDelegate.swift; sourceTree = "<group>"; };
		82AE9ACF2A4849DA002FE11B /* SceneDelegate.swift */ = {isa = PBXFileReference; lastKnownFileType = sourcecode.swift; path = SceneDelegate.swift; sourceTree = "<group>"; };
		82AE9AD12A4849DA002FE11B /* ViewController.swift */ = {isa = PBXFileReference; lastKnownFileType = sourcecode.swift; path = ViewController.swift; sourceTree = "<group>"; };
		82AE9AD42A4849DA002FE11B /* Base */ = {isa = PBXFileReference; lastKnownFileType = file.storyboard; name = Base; path = Base.lproj/Main.storyboard; sourceTree = "<group>"; };
		82AE9AD62A4849DC002FE11B /* Assets.xcassets */ = {isa = PBXFileReference; lastKnownFileType = folder.assetcatalog; path = Assets.xcassets; sourceTree = "<group>"; };
		82AE9AD92A4849DC002FE11B /* Base */ = {isa = PBXFileReference; lastKnownFileType = file.storyboard; name = Base; path = Base.lproj/LaunchScreen.storyboard; sourceTree = "<group>"; };
		82AE9ADB2A4849DC002FE11B /* Info.plist */ = {isa = PBXFileReference; lastKnownFileType = text.plist.xml; path = Info.plist; sourceTree = "<group>"; };
		82AE9AE42A484A1A002FE11B /* Category.swift */ = {isa = PBXFileReference; lastKnownFileType = sourcecode.swift; path = Category.swift; sourceTree = "<group>"; };
		82AE9AE62A484A58002FE11B /* Movie.swift */ = {isa = PBXFileReference; lastKnownFileType = sourcecode.swift; path = Movie.swift; sourceTree = "<group>"; };
		82AE9AE82A484A8A002FE11B /* DataSet.swift */ = {isa = PBXFileReference; lastKnownFileType = sourcecode.swift; path = DataSet.swift; sourceTree = "<group>"; };
		82AE9AEA2A48512C002FE11B /* CategoryTableViewCell.swift */ = {isa = PBXFileReference; lastKnownFileType = sourcecode.swift; path = CategoryTableViewCell.swift; sourceTree = "<group>"; };
		82AE9AEC2A48565E002FE11B /* MovieListViewController.swift */ = {isa = PBXFileReference; lastKnownFileType = sourcecode.swift; path = MovieListViewController.swift; sourceTree = "<group>"; };
		82AE9AEE2A4858D2002FE11B /* MovieListCollectionViewCell.swift */ = {isa = PBXFileReference; lastKnownFileType = sourcecode.swift; path = MovieListCollectionViewCell.swift; sourceTree = "<group>"; };
		82AE9AF22A486384002FE11B /* MovieDetailViewController.swift */ = {isa = PBXFileReference; lastKnownFileType = sourcecode.swift; path = MovieDetailViewController.swift; sourceTree = "<group>"; };
/* End PBXFileReference section */

/* Begin PBXFrameworksBuildPhase section */
		82AE9AC72A4849DA002FE11B /* Frameworks */ = {
			isa = PBXFrameworksBuildPhase;
			buildActionMask = 2147483647;
			files = (
			);
			runOnlyForDeploymentPostprocessing = 0;
		};
/* End PBXFrameworksBuildPhase section */

/* Begin PBXGroup section */
		82AE9AC12A4849DA002FE11B = {
			isa = PBXGroup;
			children = (
				82AE9ACC2A4849DA002FE11B /* MovieApp */,
				82AE9ACB2A4849DA002FE11B /* Products */,
			);
			sourceTree = "<group>";
		};
		82AE9ACB2A4849DA002FE11B /* Products */ = {
			isa = PBXGroup;
			children = (
				82AE9ACA2A4849DA002FE11B /* MovieApp.app */,
			);
			name = Products;
			sourceTree = "<group>";
		};
		82AE9ACC2A4849DA002FE11B /* MovieApp */ = {
			isa = PBXGroup;
			children = (
				82AE9AE32A484A0A002FE11B /* model */,
				82AE9AE22A484A05002FE11B /* view */,
				82AE9AE12A4849FD002FE11B /* controller */,
				82AE9ACD2A4849DA002FE11B /* AppDelegate.swift */,
				82AE9ACF2A4849DA002FE11B /* SceneDelegate.swift */,
				82AE9AD32A4849DA002FE11B /* Main.storyboard */,
				82AE9AD62A4849DC002FE11B /* Assets.xcassets */,
				82AE9AD82A4849DC002FE11B /* LaunchScreen.storyboard */,
				82AE9ADB2A4849DC002FE11B /* Info.plist */,
			);
			path = MovieApp;
			sourceTree = "<group>";
		};
		82AE9AE12A4849FD002FE11B /* controller */ = {
			isa = PBXGroup;
			children = (
				82AE9AD12A4849DA002FE11B /* ViewController.swift */,
				82AE9AEC2A48565E002FE11B /* MovieListViewController.swift */,
				82AE9AF22A486384002FE11B /* MovieDetailViewController.swift */,
			);
			path = controller;
			sourceTree = "<group>";
		};
		82AE9AE22A484A05002FE11B /* view */ = {
			isa = PBXGroup;
			children = (
				82AE9AEA2A48512C002FE11B /* CategoryTableViewCell.swift */,
				82AE9AEE2A4858D2002FE11B /* MovieListCollectionViewCell.swift */,
			);
			path = view;
			sourceTree = "<group>";
		};
		82AE9AE32A484A0A002FE11B /* model */ = {
			isa = PBXGroup;
			children = (
				82AE9AE42A484A1A002FE11B /* Category.swift */,
				82AE9AE62A484A58002FE11B /* Movie.swift */,
				82AE9AE82A484A8A002FE11B /* DataSet.swift */,
			);
			path = model;
			sourceTree = "<group>";
		};
/* End PBXGroup section */

/* Begin PBXNativeTarget section */
		82AE9AC92A4849DA002FE11B /* MovieApp */ = {
			isa = PBXNativeTarget;
			buildConfigurationList = 82AE9ADE2A4849DC002FE11B /* Build configuration list for PBXNativeTarget "MovieApp" */;
			buildPhases = (
				82AE9AC62A4849DA002FE11B /* Sources */,
				82AE9AC72A4849DA002FE11B /* Frameworks */,
				82AE9AC82A4849DA002FE11B /* Resources */,
			);
			buildRules = (
			);
			dependencies = (
			);
			name = MovieApp;
			productName = MovieApp;
			productReference = 82AE9ACA2A4849DA002FE11B /* MovieApp.app */;
			productType = "com.apple.product-type.application";
		};
/* End PBXNativeTarget section */

/* Begin PBXProject section */
		82AE9AC22A4849DA002FE11B /* Project object */ = {
			isa = PBXProject;
			attributes = {
				BuildIndependentTargetsInParallel = 1;
				LastSwiftUpdateCheck = 1430;
				LastUpgradeCheck = 1430;
				TargetAttributes = {
					82AE9AC92A4849DA002FE11B = {
						CreatedOnToolsVersion = 14.3.1;
					};
				};
			};
			buildConfigurationList = 82AE9AC52A4849DA002FE11B /* Build configuration list for PBXProject "MovieApp" */;
			compatibilityVersion = "Xcode 14.0";
			developmentRegion = en;
			hasScannedForEncodings = 0;
			knownRegions = (
				en,
				Base,
			);
			mainGroup = 82AE9AC12A4849DA002FE11B;
			productRefGroup = 82AE9ACB2A4849DA002FE11B /* Products */;
			projectDirPath = "";
			projectRoot = "";
			targets = (
				82AE9AC92A4849DA002FE11B /* MovieApp */,
			);
		};
/* End PBXProject section */

/* Begin PBXResourcesBuildPhase section */
		82AE9AC82A4849DA002FE11B /* Resources */ = {
			isa = PBXResourcesBuildPhase;
			buildActionMask = 2147483647;
			files = (
				82AE9ADA2A4849DC002FE11B /* LaunchScreen.storyboard in Resources */,
				82AE9AD72A4849DC002FE11B /* Assets.xcassets in Resources */,
				82AE9AD52A4849DA002FE11B /* Main.storyboard in Resources */,
			);
			runOnlyForDeploymentPostprocessing = 0;
		};
/* End PBXResourcesBuildPhase section */

/* Begin PBXSourcesBuildPhase section */
		82AE9AC62A4849DA002FE11B /* Sources */ = {
			isa = PBXSourcesBuildPhase;
			buildActionMask = 2147483647;
			files = (
				82AE9AE92A484A8A002FE11B /* DataSet.swift in Sources */,
				82AE9AD22A4849DA002FE11B /* ViewController.swift in Sources */,
				82AE9ACE2A4849DA002FE11B /* AppDelegate.swift in Sources */,
				82AE9AED2A48565E002FE11B /* MovieListViewController.swift in Sources */,
				82AE9AEF2A4858D2002FE11B /* MovieListCollectionViewCell.swift in Sources */,
				82AE9AD02A4849DA002FE11B /* SceneDelegate.swift in Sources */,
				82AE9AF32A486384002FE11B /* MovieDetailViewController.swift in Sources */,
				82AE9AEB2A48512C002FE11B /* CategoryTableViewCell.swift in Sources */,
				82AE9AE52A484A1A002FE11B /* Category.swift in Sources */,
				82AE9AE72A484A58002FE11B /* Movie.swift in Sources */,
			);
			runOnlyForDeploymentPostprocessing = 0;
		};
/* End PBXSourcesBuildPhase section */

/* Begin PBXVariantGroup section */
		82AE9AD32A4849DA002FE11B /* Main.storyboard */ = {
			isa = PBXVariantGroup;
			children = (
				82AE9AD42A4849DA002FE11B /* Base */,
			);
			name = Main.storyboard;
			sourceTree = "<group>";
		};
		82AE9AD82A4849DC002FE11B /* LaunchScreen.storyboard */ = {
			isa = PBXVariantGroup;
			children = (
				82AE9AD92A4849DC002FE11B /* Base */,
			);
			name = LaunchScreen.storyboard;
			sourceTree = "<group>";
		};
/* End PBXVariantGroup section */

/* Begin XCBuildConfiguration section */
		82AE9ADC2A4849DC002FE11B /* Debug */ = {
			isa = XCBuildConfiguration;
			buildSettings = {
				ALWAYS_SEARCH_USER_PATHS = NO;
				CLANG_ANALYZER_NONNULL = YES;
				CLANG_ANALYZER_NUMBER_OBJECT_CONVERSION = YES_AGGRESSIVE;
				CLANG_CXX_LANGUAGE_STANDARD = "gnu++20";
				CLANG_ENABLE_MODULES = YES;
				CLANG_ENABLE_OBJC_ARC = YES;
				CLANG_ENABLE_OBJC_WEAK = YES;
				CLANG_WARN_BLOCK_CAPTURE_AUTORELEASING = YES;
				CLANG_WARN_BOOL_CONVERSION = YES;
				CLANG_WARN_COMMA = YES;
				CLANG_WARN_CONSTANT_CONVERSION = YES;
				CLANG_WARN_DEPRECATED_OBJC_IMPLEMENTATIONS = YES;
				CLANG_WARN_DIRECT_OBJC_ISA_USAGE = YES_ERROR;
				CLANG_WARN_DOCUMENTATION_COMMENTS = YES;
				CLANG_WARN_EMPTY_BODY = YES;
				CLANG_WARN_ENUM_CONVERSION = YES;
				CLANG_WARN_INFINITE_RECURSION = YES;
				CLANG_WARN_INT_CONVERSION = YES;
				CLANG_WARN_NON_LITERAL_NULL_CONVERSION = YES;
				CLANG_WARN_OBJC_IMPLICIT_RETAIN_SELF = YES;
				CLANG_WARN_OBJC_LITERAL_CONVERSION = YES;
				CLANG_WARN_OBJC_ROOT_CLASS = YES_ERROR;
				CLANG_WARN_QUOTED_INCLUDE_IN_FRAMEWORK_HEADER = YES;
				CLANG_WARN_RANGE_LOOP_ANALYSIS = YES;
				CLANG_WARN_STRICT_PROTOTYPES = YES;
				CLANG_WARN_SUSPICIOUS_MOVE = YES;
				CLANG_WARN_UNGUARDED_AVAILABILITY = YES_AGGRESSIVE;
				CLANG_WARN_UNREACHABLE_CODE = YES;
				CLANG_WARN__DUPLICATE_METHOD_MATCH = YES;
				COPY_PHASE_STRIP = NO;
				DEBUG_INFORMATION_FORMAT = dwarf;
				ENABLE_STRICT_OBJC_MSGSEND = YES;
				ENABLE_TESTABILITY = YES;
				GCC_C_LANGUAGE_STANDARD = gnu11;
				GCC_DYNAMIC_NO_PIC = NO;
				GCC_NO_COMMON_BLOCKS = YES;
				GCC_OPTIMIZATION_LEVEL = 0;
				GCC_PREPROCESSOR_DEFINITIONS = (
					"DEBUG=1",
					"$(inherited)",
				);
				GCC_WARN_64_TO_32_BIT_CONVERSION = YES;
				GCC_WARN_ABOUT_RETURN_TYPE = YES_ERROR;
				GCC_WARN_UNDECLARED_SELECTOR = YES;
				GCC_WARN_UNINITIALIZED_AUTOS = YES_AGGRESSIVE;
				GCC_WARN_UNUSED_FUNCTION = YES;
				GCC_WARN_UNUSED_VARIABLE = YES;
				IPHONEOS_DEPLOYMENT_TARGET = 16.4;
				MTL_ENABLE_DEBUG_INFO = INCLUDE_SOURCE;
				MTL_FAST_MATH = YES;
				ONLY_ACTIVE_ARCH = YES;
				SDKROOT = iphoneos;
				SWIFT_ACTIVE_COMPILATION_CONDITIONS = DEBUG;
				SWIFT_OPTIMIZATION_LEVEL = "-Onone";
			};
			name = Debug;
		};
		82AE9ADD2A4849DC002FE11B /* Release */ = {
			isa = XCBuildConfiguration;
			buildSettings = {
				ALWAYS_SEARCH_USER_PATHS = NO;
				CLANG_ANALYZER_NONNULL = YES;
				CLANG_ANALYZER_NUMBER_OBJECT_CONVERSION = YES_AGGRESSIVE;
				CLANG_CXX_LANGUAGE_STANDARD = "gnu++20";
				CLANG_ENABLE_MODULES = YES;
				CLANG_ENABLE_OBJC_ARC = YES;
				CLANG_ENABLE_OBJC_WEAK = YES;
				CLANG_WARN_BLOCK_CAPTURE_AUTORELEASING = YES;
				CLANG_WARN_BOOL_CONVERSION = YES;
				CLANG_WARN_COMMA = YES;
				CLANG_WARN_CONSTANT_CONVERSION = YES;
				CLANG_WARN_DEPRECATED_OBJC_IMPLEMENTATIONS = YES;
				CLANG_WARN_DIRECT_OBJC_ISA_USAGE = YES_ERROR;
				CLANG_WARN_DOCUMENTATION_COMMENTS = YES;
				CLANG_WARN_EMPTY_BODY = YES;
				CLANG_WARN_ENUM_CONVERSION = YES;
				CLANG_WARN_INFINITE_RECURSION = YES;
				CLANG_WARN_INT_CONVERSION = YES;
				CLANG_WARN_NON_LITERAL_NULL_CONVERSION = YES;
				CLANG_WARN_OBJC_IMPLICIT_RETAIN_SELF = YES;
				CLANG_WARN_OBJC_LITERAL_CONVERSION = YES;
				CLANG_WARN_OBJC_ROOT_CLASS = YES_ERROR;
				CLANG_WARN_QUOTED_INCLUDE_IN_FRAMEWORK_HEADER = YES;
				CLANG_WARN_RANGE_LOOP_ANALYSIS = YES;
				CLANG_WARN_STRICT_PROTOTYPES = YES;
				CLANG_WARN_SUSPICIOUS_MOVE = YES;
				CLANG_WARN_UNGUARDED_AVAILABILITY = YES_AGGRESSIVE;
				CLANG_WARN_UNREACHABLE_CODE = YES;
				CLANG_WARN__DUPLICATE_METHOD_MATCH = YES;
				COPY_PHASE_STRIP = NO;
				DEBUG_INFORMATION_FORMAT = "dwarf-with-dsym";
				ENABLE_NS_ASSERTIONS = NO;
				ENABLE_STRICT_OBJC_MSGSEND = YES;
				GCC_C_LANGUAGE_STANDARD = gnu11;
				GCC_NO_COMMON_BLOCKS = YES;
				GCC_WARN_64_TO_32_BIT_CONVERSION = YES;
				GCC_WARN_ABOUT_RETURN_TYPE = YES_ERROR;
				GCC_WARN_UNDECLARED_SELECTOR = YES;
				GCC_WARN_UNINITIALIZED_AUTOS = YES_AGGRESSIVE;
				GCC_WARN_UNUSED_FUNCTION = YES;
				GCC_WARN_UNUSED_VARIABLE = YES;
				IPHONEOS_DEPLOYMENT_TARGET = 16.4;
				MTL_ENABLE_DEBUG_INFO = NO;
				MTL_FAST_MATH = YES;
				SDKROOT = iphoneos;
				SWIFT_COMPILATION_MODE = wholemodule;
				SWIFT_OPTIMIZATION_LEVEL = "-O";
				VALIDATE_PRODUCT = YES;
			};
			name = Release;
		};
		82AE9ADF2A4849DC002FE11B /* Debug */ = {
			isa = XCBuildConfiguration;
			buildSettings = {
				ASSETCATALOG_COMPILER_APPICON_NAME = AppIcon;
				ASSETCATALOG_COMPILER_GLOBAL_ACCENT_COLOR_NAME = AccentColor;
				CODE_SIGN_STYLE = Automatic;
				CURRENT_PROJECT_VERSION = 1;
				GENERATE_INFOPLIST_FILE = YES;
				INFOPLIST_FILE = MovieApp/Info.plist;
				INFOPLIST_KEY_UIApplicationSupportsIndirectInputEvents = YES;
				INFOPLIST_KEY_UILaunchStoryboardName = LaunchScreen;
				INFOPLIST_KEY_UIMainStoryboardFile = Main;
				INFOPLIST_KEY_UISupportedInterfaceOrientations_iPad = "UIInterfaceOrientationPortrait UIInterfaceOrientationPortraitUpsideDown UIInterfaceOrientationLandscapeLeft UIInterfaceOrientationLandscapeRight";
				INFOPLIST_KEY_UISupportedInterfaceOrientations_iPhone = "UIInterfaceOrientationPortrait UIInterfaceOrientationLandscapeLeft UIInterfaceOrientationLandscapeRight";
				LD_RUNPATH_SEARCH_PATHS = (
					"$(inherited)",
					"@executable_path/Frameworks",
				);
				MARKETING_VERSION = 1.0;
				PRODUCT_BUNDLE_IDENTIFIER = oktydeniz.MovieApp;
				PRODUCT_NAME = "$(TARGET_NAME)";
				SWIFT_EMIT_LOC_STRINGS = YES;
				SWIFT_VERSION = 5.0;
				TARGETED_DEVICE_FAMILY = "1,2";
			};
			name = Debug;
		};
		82AE9AE02A4849DC002FE11B /* Release */ = {
			isa = XCBuildConfiguration;
			buildSettings = {
				ASSETCATALOG_COMPILER_APPICON_NAME = AppIcon;
				ASSETCATALOG_COMPILER_GLOBAL_ACCENT_COLOR_NAME = AccentColor;
				CODE_SIGN_STYLE = Automatic;
				CURRENT_PROJECT_VERSION = 1;
				GENERATE_INFOPLIST_FILE = YES;
				INFOPLIST_FILE = MovieApp/Info.plist;
				INFOPLIST_KEY_UIApplicationSupportsIndirectInputEvents = YES;
				INFOPLIST_KEY_UILaunchStoryboardName = LaunchScreen;
				INFOPLIST_KEY_UIMainStoryboardFile = Main;
				INFOPLIST_KEY_UISupportedInterfaceOrientations_iPad = "UIInterfaceOrientationPortrait UIInterfaceOrientationPortraitUpsideDown UIInterfaceOrientationLandscapeLeft UIInterfaceOrientationLandscapeRight";
				INFOPLIST_KEY_UISupportedInterfaceOrientations_iPhone = "UIInterfaceOrientationPortrait UIInterfaceOrientationLandscapeLeft UIInterfaceOrientationLandscapeRight";
				LD_RUNPATH_SEARCH_PATHS = (
					"$(inherited)",
					"@executable_path/Frameworks",
				);
				MARKETING_VERSION = 1.0;
				PRODUCT_BUNDLE_IDENTIFIER = oktydeniz.MovieApp;
				PRODUCT_NAME = "$(TARGET_NAME)";
				SWIFT_EMIT_LOC_STRINGS = YES;
				SWIFT_VERSION = 5.0;
				TARGETED_DEVICE_FAMILY = "1,2";
			};
			name = Release;
		};
/* End XCBuildConfiguration section */

/* Begin XCConfigurationList section */
		82AE9AC52A4849DA002FE11B /* Build configuration list for PBXProject "MovieApp" */ = {
			isa = XCConfigurationList;
			buildConfigurations = (
				82AE9ADC2A4849DC002FE11B /* Debug */,
				82AE9ADD2A4849DC002FE11B /* Release */,
			);
			defaultConfigurationIsVisible = 0;
			defaultConfigurationName = Release;
		};
		82AE9ADE2A4849DC002FE11B /* Build configuration list for PBXNativeTarget "MovieApp" */ = {
			isa = XCConfigurationList;
			buildConfigurations = (
				82AE9ADF2A4849DC002FE11B /* Debug */,
				82AE9AE02A4849DC002FE11B /* Release */,
			);
			defaultConfigurationIsVisible = 0;
			defaultConfigurationName = Release;
		};
/* End XCConfigurationList section */
	};
	rootObject = 82AE9AC22A4849DA002FE11B /* Project object */;
}
